
Microsoft Visual Studio Solution File, Format Version 12.00
# Visual Studio Version 17
VisualStudioVersion = 17.0.31612.314
MinimumVisualStudioVersion = 10.0.40219.1
Project("{FAE04EC0-301F-11D3-BF4B-00C04F79EFBC}") = "Universidade", "Universidade\Universidade.csproj", "{B63AE8A2-2018-4B63-AD11-E42F16F2A934}"
EndProject
Global
	GlobalSection(SolutionConfigurationPlatforms) = preSolution
		Debug|Any CPU = Debug|Any CPU
		Release|Any CPU = Release|Any CPU
	EndGlobalSection
	GlobalSection(ProjectConfigurationPlatforms) = postSolution
		{B63AE8A2-2018-4B63-AD11-E42F16F2A934}.Debug|Any CPU.ActiveCfg = Debug|Any CPU
		{B63AE8A2-2018-4B63-AD11-E42F16F2A934}.Debug|Any CPU.Build.0 = Debug|Any CPU
		{B63AE8A2-2018-4B63-AD11-E42F16F2A934}.Release|Any CPU.ActiveCfg = Release|Any CPU
		{B63AE8A2-2018-4B63-AD11-E42F16F2A934}.Release|Any CPU.Build.0 = Release|Any CPU
	EndGlobalSection
	GlobalSection(SolutionProperties) = preSolution
		HideSolutionNode = FALSE
	EndGlobalSection
	GlobalSection(ExtensibilityGlobals) = postSolution
		SolutionGuid = {239861A8-4C71-4BD3-B0E3-BE1705EC6ED3}
	EndGlobalSection
EndGlobal
